
Microsoft Visual Studio Solution File, Format Version 12.00
# Visual Studio 14
VisualStudioVersion = 14.0.23107.0
MinimumVisualStudioVersion = 10.0.40219.1
Project("{2150E333-8FDC-42A3-9474-1A3956D46DE8}") = "Engine", "Engine", "{7D1058FF-0B9C-4606-BB3A-25D74F4E80C4}"
EndProject
Project("{2150E333-8FDC-42A3-9474-1A3956D46DE8}") = "Games", "Games", "{B0E02BAF-A688-4035-BDA0-075C2693D268}"
EndProject
Project("{8BC9CEB8-8B4A-11D0-8D11-00A0C91BC942}") = "UE4", "Intermediate\ProjectFiles\UE4.vcxproj", "{72FF6460-0067-4569-8809-68109B995B3B}"
EndProject
Project("{8BC9CEB8-8B4A-11D0-8D11-00A0C91BC942}") = "CheatToWin", "Intermediate\ProjectFiles\CheatToWin.vcxproj", "{C74032FB-4959-4A47-B4D3-3B908BF3EAC7}"
EndProject
Global
	GlobalSection(SolutionConfigurationPlatforms) = preSolution
		DebugGame Editor|Android = DebugGame Editor|Android
		DebugGame Editor|HTML5 = DebugGame Editor|HTML5
		DebugGame Editor|Win32 = DebugGame Editor|Win32
		DebugGame Editor|Win64 = DebugGame Editor|Win64
		DebugGame|Android = DebugGame|Android
		DebugGame|HTML5 = DebugGame|HTML5
		DebugGame|Win32 = DebugGame|Win32
		DebugGame|Win64 = DebugGame|Win64
		Development Editor|Android = Development Editor|Android
		Development Editor|HTML5 = Development Editor|HTML5
		Development Editor|Win32 = Development Editor|Win32
		Development Editor|Win64 = Development Editor|Win64
		Development|Android = Development|Android
		Development|HTML5 = Development|HTML5
		Development|Win32 = Development|Win32
		Development|Win64 = Development|Win64
		Shipping|Android = Shipping|Android
		Shipping|HTML5 = Shipping|HTML5
		Shipping|Win32 = Shipping|Win32
		Shipping|Win64 = Shipping|Win64
	EndGlobalSection
	GlobalSection(ProjectConfigurationPlatforms) = postSolution
		{72FF6460-0067-4569-8809-68109B995B3B}.DebugGame Editor|Android.ActiveCfg = BuiltWithUnrealBuildTool|Win32
		{72FF6460-0067-4569-8809-68109B995B3B}.DebugGame Editor|Android.Build.0 = BuiltWithUnrealBuildTool|Win32
		{72FF6460-0067-4569-8809-68109B995B3B}.DebugGame Editor|HTML5.ActiveCfg = BuiltWithUnrealBuildTool|Win32
		{72FF6460-0067-4569-8809-68109B995B3B}.DebugGame Editor|HTML5.Build.0 = BuiltWithUnrealBuildTool|Win32
		{72FF6460-0067-4569-8809-68109B995B3B}.DebugGame Editor|Win32.ActiveCfg = BuiltWithUnrealBuildTool|Win32
		{72FF6460-0067-4569-8809-68109B995B3B}.DebugGame Editor|Win32.Build.0 = BuiltWithUnrealBuildTool|Win32
		{72FF6460-0067-4569-8809-68109B995B3B}.DebugGame Editor|Win64.ActiveCfg = BuiltWithUnrealBuildTool|Win32
		{72FF6460-0067-4569-8809-68109B995B3B}.DebugGame Editor|Win64.Build.0 = BuiltWithUnrealBuildTool|Win32
		{72FF6460-0067-4569-8809-68109B995B3B}.DebugGame|Android.ActiveCfg = BuiltWithUnrealBuildTool|Win32
		{72FF6460-0067-4569-8809-68109B995B3B}.DebugGame|Android.Build.0 = BuiltWithUnrealBuildTool|Win32
		{72FF6460-0067-4569-8809-68109B995B3B}.DebugGame|HTML5.ActiveCfg = BuiltWithUnrealBuildTool|Win32
		{72FF6460-0067-4569-8809-68109B995B3B}.DebugGame|HTML5.Build.0 = BuiltWithUnrealBuildTool|Win32
		{72FF6460-0067-4569-8809-68109B995B3B}.DebugGame|Win32.ActiveCfg = BuiltWithUnrealBuildTool|Win32
		{72FF6460-0067-4569-8809-68109B995B3B}.DebugGame|Win32.Build.0 = BuiltWithUnrealBuildTool|Win32
		{72FF6460-0067-4569-8809-68109B995B3B}.DebugGame|Win64.ActiveCfg = BuiltWithUnrealBuildTool|Win32
		{72FF6460-0067-4569-8809-68109B995B3B}.DebugGame|Win64.Build.0 = BuiltWithUnrealBuildTool|Win32
		{72FF6460-0067-4569-8809-68109B995B3B}.Development Editor|Android.ActiveCfg = BuiltWithUnrealBuildTool|Win32
		{72FF6460-0067-4569-8809-68109B995B3B}.Development Editor|Android.Build.0 = BuiltWithUnrealBuildTool|Win32
		{72FF6460-0067-4569-8809-68109B995B3B}.Development Editor|HTML5.ActiveCfg = BuiltWithUnrealBuildTool|Win32
		{72FF6460-0067-4569-8809-68109B995B3B}.Development Editor|HTML5.Build.0 = BuiltWithUnrealBuildTool|Win32
		{72FF6460-0067-4569-8809-68109B995B3B}.Development Editor|Win32.ActiveCfg = BuiltWithUnrealBuildTool|Win32
		{72FF6460-0067-4569-8809-68109B995B3B}.Development Editor|Win32.Build.0 = BuiltWithUnrealBuildTool|Win32
		{72FF6460-0067-4569-8809-68109B995B3B}.Development Editor|Win64.ActiveCfg = BuiltWithUnrealBuildTool|Win32
		{72FF6460-0067-4569-8809-68109B995B3B}.Development Editor|Win64.Build.0 = BuiltWithUnrealBuildTool|Win32
		{72FF6460-0067-4569-8809-68109B995B3B}.Development|Android.ActiveCfg = BuiltWithUnrealBuildTool|Win32
		{72FF6460-0067-4569-8809-68109B995B3B}.Development|Android.Build.0 = BuiltWithUnrealBuildTool|Win32
		{72FF6460-0067-4569-8809-68109B995B3B}.Development|HTML5.ActiveCfg = BuiltWithUnrealBuildTool|Win32
		{72FF6460-0067-4569-8809-68109B995B3B}.Development|HTML5.Build.0 = BuiltWithUnrealBuildTool|Win32
		{72FF6460-0067-4569-8809-68109B995B3B}.Development|Win32.ActiveCfg = BuiltWithUnrealBuildTool|Win32
		{72FF6460-0067-4569-8809-68109B995B3B}.Development|Win32.Build.0 = BuiltWithUnrealBuildTool|Win32
		{72FF6460-0067-4569-8809-68109B995B3B}.Development|Win64.ActiveCfg = BuiltWithUnrealBuildTool|Win32
		{72FF6460-0067-4569-8809-68109B995B3B}.Development|Win64.Build.0 = BuiltWithUnrealBuildTool|Win32
		{72FF6460-0067-4569-8809-68109B995B3B}.Shipping|Android.ActiveCfg = BuiltWithUnrealBuildTool|Win32
		{72FF6460-0067-4569-8809-68109B995B3B}.Shipping|Android.Build.0 = BuiltWithUnrealBuildTool|Win32
		{72FF6460-0067-4569-8809-68109B995B3B}.Shipping|HTML5.ActiveCfg = BuiltWithUnrealBuildTool|Win32
		{72FF6460-0067-4569-8809-68109B995B3B}.Shipping|HTML5.Build.0 = BuiltWithUnrealBuildTool|Win32
		{72FF6460-0067-4569-8809-68109B995B3B}.Shipping|Win32.ActiveCfg = BuiltWithUnrealBuildTool|Win32
		{72FF6460-0067-4569-8809-68109B995B3B}.Shipping|Win32.Build.0 = BuiltWithUnrealBuildTool|Win32
		{72FF6460-0067-4569-8809-68109B995B3B}.Shipping|Win64.ActiveCfg = BuiltWithUnrealBuildTool|Win32
		{72FF6460-0067-4569-8809-68109B995B3B}.Shipping|Win64.Build.0 = BuiltWithUnrealBuildTool|Win32
		{C74032FB-4959-4A47-B4D3-3B908BF3EAC7}.DebugGame Editor|Android.ActiveCfg = DebugGame_Editor|Tegra-Android
		{C74032FB-4959-4A47-B4D3-3B908BF3EAC7}.DebugGame Editor|HTML5.ActiveCfg = HTML5_DebugGame_Editor|Win32
		{C74032FB-4959-4A47-B4D3-3B908BF3EAC7}.DebugGame Editor|Win32.ActiveCfg = DebugGame_Editor|Win32
		{C74032FB-4959-4A47-B4D3-3B908BF3EAC7}.DebugGame Editor|Win64.ActiveCfg = DebugGame_Editor|x64
		{C74032FB-4959-4A47-B4D3-3B908BF3EAC7}.DebugGame Editor|Win64.Build.0 = DebugGame_Editor|x64
		{C74032FB-4959-4A47-B4D3-3B908BF3EAC7}.DebugGame|Android.ActiveCfg = DebugGame_Game|Tegra-Android
		{C74032FB-4959-4A47-B4D3-3B908BF3EAC7}.DebugGame|Android.Build.0 = DebugGame_Game|Tegra-Android
		{C74032FB-4959-4A47-B4D3-3B908BF3EAC7}.DebugGame|HTML5.ActiveCfg = HTML5_DebugGame_Game|Win32
		{C74032FB-4959-4A47-B4D3-3B908BF3EAC7}.DebugGame|HTML5.Build.0 = HTML5_DebugGame_Game|Win32
		{C74032FB-4959-4A47-B4D3-3B908BF3EAC7}.DebugGame|Win32.ActiveCfg = DebugGame_Game|Win32
		{C74032FB-4959-4A47-B4D3-3B908BF3EAC7}.DebugGame|Win32.Build.0 = DebugGame_Game|Win32
		{C74032FB-4959-4A47-B4D3-3B908BF3EAC7}.DebugGame|Win64.ActiveCfg = DebugGame_Game|x64
		{C74032FB-4959-4A47-B4D3-3B908BF3EAC7}.DebugGame|Win64.Build.0 = DebugGame_Game|x64
		{C74032FB-4959-4A47-B4D3-3B908BF3EAC7}.Development Editor|Android.ActiveCfg = Development_Editor|Tegra-Android
		{C74032FB-4959-4A47-B4D3-3B908BF3EAC7}.Development Editor|HTML5.ActiveCfg = HTML5_Development_Editor|Win32
		{C74032FB-4959-4A47-B4D3-3B908BF3EAC7}.Development Editor|Win32.ActiveCfg = Development_Editor|Win32
		{C74032FB-4959-4A47-B4D3-3B908BF3EAC7}.Development Editor|Win64.ActiveCfg = Development_Editor|x64
		{C74032FB-4959-4A47-B4D3-3B908BF3EAC7}.Development Editor|Win64.Build.0 = Development_Editor|x64
		{C74032FB-4959-4A47-B4D3-3B908BF3EAC7}.Development|Android.ActiveCfg = Development_Game|Tegra-Android
		{C74032FB-4959-4A47-B4D3-3B908BF3EAC7}.Development|Android.Build.0 = Development_Game|Tegra-Android
		{C74032FB-4959-4A47-B4D3-3B908BF3EAC7}.Development|HTML5.ActiveCfg = HTML5_Development_Game|Win32
		{C74032FB-4959-4A47-B4D3-3B908BF3EAC7}.Development|HTML5.Build.0 = HTML5_Development_Game|Win32
		{C74032FB-4959-4A47-B4D3-3B908BF3EAC7}.Development|Win32.ActiveCfg = Development_Game|Win32
		{C74032FB-4959-4A47-B4D3-3B908BF3EAC7}.Development|Win32.Build.0 = Development_Game|Win32
		{C74032FB-4959-4A47-B4D3-3B908BF3EAC7}.Development|Win64.ActiveCfg = Development_Game|x64
		{C74032FB-4959-4A47-B4D3-3B908BF3EAC7}.Development|Win64.Build.0 = Development_Game|x64
		{C74032FB-4959-4A47-B4D3-3B908BF3EAC7}.Shipping|Android.ActiveCfg = Shipping_Game|Tegra-Android
		{C74032FB-4959-4A47-B4D3-3B908BF3EAC7}.Shipping|Android.Build.0 = Shipping_Game|Tegra-Android
		{C74032FB-4959-4A47-B4D3-3B908BF3EAC7}.Shipping|HTML5.ActiveCfg = HTML5_Shipping_Game|Win32
		{C74032FB-4959-4A47-B4D3-3B908BF3EAC7}.Shipping|HTML5.Build.0 = HTML5_Shipping_Game|Win32
		{C74032FB-4959-4A47-B4D3-3B908BF3EAC7}.Shipping|Win32.ActiveCfg = Shipping_Game|Win32
		{C74032FB-4959-4A47-B4D3-3B908BF3EAC7}.Shipping|Win32.Build.0 = Shipping_Game|Win32
		{C74032FB-4959-4A47-B4D3-3B908BF3EAC7}.Shipping|Win64.ActiveCfg = Shipping_Game|x64
		{C74032FB-4959-4A47-B4D3-3B908BF3EAC7}.Shipping|Win64.Build.0 = Shipping_Game|x64
	EndGlobalSection
	GlobalSection(SolutionProperties) = preSolution
		HideSolutionNode = FALSE
	EndGlobalSection
	GlobalSection(NestedProjects) = preSolution
		{72FF6460-0067-4569-8809-68109B995B3B} = {7D1058FF-0B9C-4606-BB3A-25D74F4E80C4}
		{C74032FB-4959-4A47-B4D3-3B908BF3EAC7} = {B0E02BAF-A688-4035-BDA0-075C2693D268}
	EndGlobalSection
EndGlobal
